{
    "_meta": {
        "hash": {
            "sha256": "2669d8903fe59e89ca6def0b85f4c91f831a66ada60058623895c5a4679847df"
        },
        "pipfile-spec": 6,
        "requires": {
            "python_version": "3.6"
        },
        "sources": [
            {
                "name": "pypi",
                "url": "https://pypi.org/simple",
                "verify_ssl": true
            }
        ]
    },
    "default": {
        "adal": {
            "hashes": [
                "sha256:82e84fa0b442caf8131f1e87a7ebee2546f57ab16a8917a599a02b6e455cb1b0",
                "sha256:b6edd095be66561382bdaa59d40b04490e93149fb3b7fa44c1fa5504eed5b8b9"
            ],
            "version": "==1.2.1"
        },
        "ansible": {
            "extras": [
                "azure"
            ],
            "hashes": [
                "sha256:3d67db258b492f3c8828c68dcb92438e67cb5b20c12924089eafdc0ada3edd87"
            ],
            "index": "pypi",
            "version": "==2.7.8"
        },
        "applicationinsights": {
            "hashes": [
                "sha256:42a2eb05fad51ffdd8246fdf5b2d2c0166d2b34f75a06940a2443d7e17a219fe",
                "sha256:c4712ede8eeca57e611b7fd4b3b6c345745a4a002a08145ab45f92d31d900040"
            ],
            "version": "==0.11.7"
        },
        "argcomplete": {
            "hashes": [
                "sha256:06c8a54ffaa6bfc9006314498742ec8843601206a3b94212f82657673662ecf1",
                "sha256:2adef33864dabb77a3316f054c95227437e6448ea0aeb0e1ec1cd69aebcb29d6"
            ],
            "version": "==1.9.4"
        },
        "asn1crypto": {
            "hashes": [
                "sha256:2f1adbb7546ed199e3c90ef23ec95c5cf3585bac7d11fb7eb562a3fe89c64e87",
                "sha256:9d5c20441baf0cb60a4ac34cc447c6c189024b6b4c6cd7877034f4965c464e49"
            ],
            "version": "==0.24.0"
        },
        "azure-cli-core": {
            "hashes": [
                "sha256:68d2fc1a9f90d60a0242c22d6f1dbb3a7e0439c1202ca759a4a90ca85704580f",
                "sha256:b189b3d96108ba126694f2d00dc8998b58102cafaacdd4278fd269ec0b1459d5"
            ],
            "version": "==2.0.35"
        },
        "azure-cli-nspkg": {
            "hashes": [
                "sha256:983f9502fa8e0548264b627d2f206c222fa8317b4647a6cdf75927fa28f2847f",
                "sha256:b9129ef25718b582d086a63bc69095bbe25eaebd1c45415d55105dbad21f8c73"
            ],
            "version": "==3.0.2"
        },
        "azure-common": {
            "hashes": [
                "sha256:9f158d0b1d4500af829b46dab238b52b32f3978c4ed269b9fead6554ebba4876",
                "sha256:a60e37117684a168022af2c5e537448ad878d4ad8e45f147512eae2102f856af"
            ],
            "version": "==1.1.11"
        },
        "azure-graphrbac": {
            "hashes": [
                "sha256:825b397665f478fab511e521f3f3f4b64189cb9f6c2e7e873b3b7333dc533974",
                "sha256:f94b97bdcf774878fe2f8b8c46a5d6550a4ed891350ed0730c1561a24d488ee2"
            ],
            "version": "==0.40.0"
        },
        "azure-keyvault": {
            "hashes": [
                "sha256:382cd04c3f47619241c91c651731054360fdf7b7d47d6cc36145943b34465655",
                "sha256:54e1f5aca5202bdb8f48f07b68485ddb5adb44a62931b04a28132b64e2e872a6"
            ],
            "version": "==1.0.0a1"
        },
        "azure-mgmt-batch": {
            "hashes": [
                "sha256:2d0bd11add9a39679dca912ef84a02d51353488e66c036168ac49b7d42d68112",
                "sha256:2e69f407dc8a94d87316ee6a82b6f3c1d6997b84e337042c3c4ed6450adcd359"
            ],
            "version": "==4.1.0"
        },
        "azure-mgmt-compute": {
            "hashes": [
                "sha256:b7a25968c38c3504bcf107e56ad21a9d646331da73e545272519565248323fd8",
                "sha256:db50032f0441e349a57bab7b70af728ad33f5913a4d0d87d1b6abc5f9b3577f3"
            ],
            "version": "==2.1.0"
        },
        "azure-mgmt-containerinstance": {
            "hashes": [
                "sha256:226985c19801a780384aebf88001c0736b496e9aae154c5ead5b0c6f3ce819b8",
                "sha256:5abb53859d1b5f4bd1875c1d630afafa43fba1c7b10a0e9ccc7dc5a55e046cf1"
            ],
            "version": "==0.4.0"
        },
        "azure-mgmt-containerregistry": {
            "hashes": [
                "sha256:340f71652111747578bc1a2f44c035f7147dc5fe1f23271f02107a7451cb92f2",
                "sha256:36cf386cb62a410b5f300289101747ad45643b35d5883ca7bf18fdde62b286c5"
            ],
            "version": "==2.0.0"
        },
        "azure-mgmt-containerservice": {
            "hashes": [
                "sha256:84221512228304b75cf67c8331b8af394924acecf30aff23e41564a88d1a2356",
                "sha256:cabf729e503a47c76d31033928c9769ba5a6f1dbf73afa42436adb7226ce4e76"
            ],
            "version": "==3.0.1"
        },
        "azure-mgmt-dns": {
            "hashes": [
                "sha256:676cdcd2b83bd4b24782047ec4395657103ea89dacdcf824cf9ed8eb5584d1bf",
                "sha256:b31be581d6f72d8469a72ed2999e1a8e1cd3d7a285ac70d388b4d4f6d240a714"
            ],
            "version": "==1.2.0"
        },
        "azure-mgmt-keyvault": {
            "hashes": [
                "sha256:bd7fff997ce52fd06e0992ff5d4606450e4173e77d6feade7e8b145fe049dcee",
                "sha256:fb7facbcdc9157f7fb83abb41032f257a6013a02205d7c0327b56779ca20fd30"
            ],
            "version": "==0.40.0"
        },
        "azure-mgmt-marketplaceordering": {
            "hashes": [
                "sha256:6da12425cbab0cc62f246e7266b4d67aff6bdd031ecbe50c7542c2f2b2440ad4",
                "sha256:fb7a21f4a4a4b8d32bae600614f047a17993111374c9567ac11f241ada61d69f"
            ],
            "version": "==0.1.0"
        },
        "azure-mgmt-monitor": {
            "hashes": [
                "sha256:838867a150694837e9c6141760ff0f20fe9e5b7ab88f9ba868fde1810855895e",
                "sha256:f1a58d483e3292ba4f7bbf3104573130c9265d6c9262e26b60cbfa950b5601e4"
            ],
            "version": "==0.5.2"
        },
        "azure-mgmt-network": {
            "hashes": [
                "sha256:10d0266f81e5ca71c3bd85ec2c32d9b15a04c652148e3d7aa46233e72e208536",
                "sha256:ddfff3dd31c7329b26f282615b719e7030c5206e56951daae4f180957c1e5201"
            ],
            "version": "==1.7.1"
        },
        "azure-mgmt-nspkg": {
            "hashes": [
                "sha256:0bd439a8e9529387246c3e335920d6474fb67e12f963e4a40bec54933b347220",
                "sha256:e36488d4f5d7d668ef5cc3e6e86f081448fd60c9bf4e051d06ff7cfc5a653e6f"
            ],
            "version": "==2.0.0"
        },
        "azure-mgmt-rdbms": {
            "hashes": [
                "sha256:431d5313dfd7b5f430d1969bdf2bcdc26e627b30248ac30425f6df9a7f428888",
                "sha256:6e5abef2fcac1149dda1119443ea26c847e55e8b4c771b7b033f92d1b3140263"
            ],
            "version": "==1.2.0"
        },
        "azure-mgmt-resource": {
            "hashes": [
                "sha256:a506749f20b58e194a5610a5d5e36ac9d08b9361f297306e71857ae2e2f58e4b",
                "sha256:fe65dc43c8643a8c3e731783e98334258bf5dc57cf4ae063401e2b05b9d71d71"
            ],
            "version": "==1.2.2"
        },
        "azure-mgmt-sql": {
            "hashes": [
                "sha256:03b508a0ad30c1433a62636aa248940bce75c2a4744361527bc528e3719ec71a",
                "sha256:a5609144cf34881c41e21e13b9e3b84be73355ba694002b7baccc3a916399784"
            ],
            "version": "==0.7.1"
        },
        "azure-mgmt-storage": {
            "hashes": [
                "sha256:b1fc3a293051dee35dffe12d618f925581d6536c94ca5c05b69461ce941125a1",
                "sha256:d7a60f0675d49f70e74927814e0f1112e6482073c31a95478a55f5bb6e0691db"
            ],
            "version": "==1.5.0"
        },
        "azure-mgmt-trafficmanager": {
            "hashes": [
                "sha256:126167eaa82b443b5b71394050ec292f45074701232bdbdda71f636e9b46516b",
                "sha256:65796588ffbeac45bf73668977131c317b64d6a3f32faecdc5cbf9683d48132c"
            ],
            "version": "==0.50.0"
        },
        "azure-mgmt-web": {
            "hashes": [
                "sha256:3bffd5d7666c69aa4a108e85ea71a3430fbc4a3e89f21d632e0c8ac6675c814c",
                "sha256:f5992c32c1fda3085dcc2276a034f95dbe7dadc36a35c61f5326c8009f3f1866"
            ],
            "version": "==0.32.0"
        },
        "azure-nspkg": {
            "hashes": [
                "sha256:4bd758e649f57cc188db4f3c64becaca16195e057e4362b6caad56fe1e7934e9",
                "sha256:fe19ee5d8c66ee8ef62557fc7310f59cffb7230f0a94701eef79f6e3191fdc7b"
            ],
            "version": "==2.0.0"
        },
        "azure-storage": {
            "hashes": [
                "sha256:6818b6a8f68c0a6e8afec8881b833afbf206b5f669b1c2dbd6ee731bf02b157b",
                "sha256:d8657f0aa5e7b33ec4b7e0bd62cbd50588a6560932ffa641a6288028000b58ef"
            ],
            "version": "==0.35.1"
        },
        "bcrypt": {
            "hashes": [
                "sha256:0ba875eb67b011add6d8c5b76afbd92166e98b1f1efab9433d5dc0fafc76e203",
                "sha256:21ed446054c93e209434148ef0b362432bb82bbdaf7beef70a32c221f3e33d1c",
                "sha256:28a0459381a8021f57230954b9e9a65bb5e3d569d2c253c5cac6cb181d71cf23",
                "sha256:2aed3091eb6f51c26b7c2fad08d6620d1c35839e7a362f706015b41bd991125e",
                "sha256:2fa5d1e438958ea90eaedbf8082c2ceb1a684b4f6c75a3800c6ec1e18ebef96f",
                "sha256:3a73f45484e9874252002793518da060fb11eaa76c30713faa12115db17d1430",
                "sha256:3e489787638a36bb466cd66780e15715494b6d6905ffdbaede94440d6d8e7dba",
                "sha256:44636759d222baa62806bbceb20e96f75a015a6381690d1bc2eda91c01ec02ea",
                "sha256:678c21b2fecaa72a1eded0cf12351b153615520637efcadc09ecf81b871f1596",
                "sha256:75460c2c3786977ea9768d6c9d8957ba31b5fbeb0aae67a5c0e96aab4155f18c",
                "sha256:8ac06fb3e6aacb0a95b56eba735c0b64df49651c6ceb1ad1cf01ba75070d567f",
                "sha256:8fdced50a8b646fff8fa0e4b1c5fd940ecc844b43d1da5a980cb07f2d1b1132f",
                "sha256:9b2c5b640a2da533b0ab5f148d87fb9989bf9bcb2e61eea6a729102a6d36aef9",
                "sha256:a9083e7fa9adb1a4de5ac15f9097eb15b04e2c8f97618f1b881af40abce382e1",
                "sha256:b7e3948b8b1a81c5a99d41da5fb2dc03ddb93b5f96fcd3fd27e643f91efa33e1",
                "sha256:b998b8ca979d906085f6a5d84f7b5459e5e94a13fc27c28a3514437013b6c2f6",
                "sha256:dd08c50bc6f7be69cd7ba0769acca28c846ec46b7a8ddc2acf4b9ac6f8a7457e",
                "sha256:de5badee458544ab8125e63e39afeedfcf3aef6a6e2282ac159c95ae7472d773",
                "sha256:ede2a87333d24f55a4a7338a6ccdccf3eaa9bed081d1737e0db4dbd1a4f7e6b6"
            ],
            "version": "==3.1.6"
        },
        "certifi": {
            "hashes": [
                "sha256:47f9c83ef4c0c621eaef743f133f09fa8a74a9b75f037e8624f83bd1b6626cb7",
                "sha256:993f830721089fef441cdfeb4b2c8c9df86f0c63239f06bd025a76a7daddb033"
            ],
            "version": "==2018.11.29"
        },
        "cffi": {
            "hashes": [
                "sha256:00b97afa72c233495560a0793cdc86c2571721b4271c0667addc83c417f3d90f",
                "sha256:0ba1b0c90f2124459f6966a10c03794082a2f3985cd699d7d63c4a8dae113e11",
                "sha256:0bffb69da295a4fc3349f2ec7cbe16b8ba057b0a593a92cbe8396e535244ee9d",
                "sha256:21469a2b1082088d11ccd79dd84157ba42d940064abbfa59cf5f024c19cf4891",
                "sha256:2e4812f7fa984bf1ab253a40f1f4391b604f7fc424a3e21f7de542a7f8f7aedf",
                "sha256:2eac2cdd07b9049dd4e68449b90d3ef1adc7c759463af5beb53a84f1db62e36c",
                "sha256:2f9089979d7456c74d21303c7851f158833d48fb265876923edcb2d0194104ed",
                "sha256:3dd13feff00bddb0bd2d650cdb7338f815c1789a91a6f68fdc00e5c5ed40329b",
                "sha256:4065c32b52f4b142f417af6f33a5024edc1336aa845b9d5a8d86071f6fcaac5a",
                "sha256:51a4ba1256e9003a3acf508e3b4f4661bebd015b8180cc31849da222426ef585",
                "sha256:59888faac06403767c0cf8cfb3f4a777b2939b1fbd9f729299b5384f097f05ea",
                "sha256:59c87886640574d8b14910840327f5cd15954e26ed0bbd4e7cef95fa5aef218f",
                "sha256:610fc7d6db6c56a244c2701575f6851461753c60f73f2de89c79bbf1cc807f33",
                "sha256:70aeadeecb281ea901bf4230c6222af0248c41044d6f57401a614ea59d96d145",
                "sha256:71e1296d5e66c59cd2c0f2d72dc476d42afe02aeddc833d8e05630a0551dad7a",
                "sha256:8fc7a49b440ea752cfdf1d51a586fd08d395ff7a5d555dc69e84b1939f7ddee3",
                "sha256:9b5c2afd2d6e3771d516045a6cfa11a8da9a60e3d128746a7fe9ab36dfe7221f",
                "sha256:9c759051ebcb244d9d55ee791259ddd158188d15adee3c152502d3b69005e6bd",
                "sha256:b4d1011fec5ec12aa7cc10c05a2f2f12dfa0adfe958e56ae38dc140614035804",
                "sha256:b4f1d6332339ecc61275bebd1f7b674098a66fea11a00c84d1c58851e618dc0d",
                "sha256:c030cda3dc8e62b814831faa4eb93dd9a46498af8cd1d5c178c2de856972fd92",
                "sha256:c2e1f2012e56d61390c0e668c20c4fb0ae667c44d6f6a2eeea5d7148dcd3df9f",
                "sha256:c37c77d6562074452120fc6c02ad86ec928f5710fbc435a181d69334b4de1d84",
                "sha256:c8149780c60f8fd02752d0429246088c6c04e234b895c4a42e1ea9b4de8d27fb",
                "sha256:cbeeef1dc3c4299bd746b774f019de9e4672f7cc666c777cd5b409f0b746dac7",
                "sha256:e113878a446c6228669144ae8a56e268c91b7f1fafae927adc4879d9849e0ea7",
                "sha256:e21162bf941b85c0cda08224dade5def9360f53b09f9f259adb85fc7dd0e7b35",
                "sha256:fb6934ef4744becbda3143d30c6604718871495a5e36c408431bf33d9c146889"
            ],
            "version": "==1.12.2"
        },
        "chardet": {
            "hashes": [
                "sha256:84ab92ed1c4d4f16916e05906b6b75a6c0fb5db821cc65e70cbd64a3e2a5eaae",
                "sha256:fc323ffcaeaed0e0a02bf4d117757b98aed530d9ed4531e3e15460124c106691"
            ],
            "version": "==3.0.4"
        },
        "colorama": {
            "hashes": [
                "sha256:05eed71e2e327246ad6b38c540c4a3117230b19679b875190486ddd2d721422d",
                "sha256:f8ac84de7840f5b9c4e3347b3c1eaa50f7e49c2b07596221daec5edaabbd7c48"
            ],
            "version": "==0.4.1"
        },
        "cryptography": {
            "hashes": [
                "sha256:066f815f1fe46020877c5983a7e747ae140f517f1b09030ec098503575265ce1",
                "sha256:210210d9df0afba9e000636e97810117dc55b7157c903a55716bb73e3ae07705",
                "sha256:26c821cbeb683facb966045e2064303029d572a87ee69ca5a1bf54bf55f93ca6",
                "sha256:2afb83308dc5c5255149ff7d3fb9964f7c9ee3d59b603ec18ccf5b0a8852e2b1",
                "sha256:2db34e5c45988f36f7a08a7ab2b69638994a8923853dec2d4af121f689c66dc8",
                "sha256:409c4653e0f719fa78febcb71ac417076ae5e20160aec7270c91d009837b9151",
                "sha256:45a4f4cf4f4e6a55c8128f8b76b4c057027b27d4c67e3fe157fa02f27e37830d",
                "sha256:48eab46ef38faf1031e58dfcc9c3e71756a1108f4c9c966150b605d4a1a7f659",
                "sha256:6b9e0ae298ab20d371fc26e2129fd683cfc0cfde4d157c6341722de645146537",
                "sha256:6c4778afe50f413707f604828c1ad1ff81fadf6c110cb669579dea7e2e98a75e",
                "sha256:8c33fb99025d353c9520141f8bc989c2134a1f76bac6369cea060812f5b5c2bb",
                "sha256:9873a1760a274b620a135054b756f9f218fa61ca030e42df31b409f0fb738b6c",
                "sha256:9b069768c627f3f5623b1cbd3248c5e7e92aec62f4c98827059eed7053138cc9",
                "sha256:9e4ce27a507e4886efbd3c32d120db5089b906979a4debf1d5939ec01b9dd6c5",
                "sha256:acb424eaca214cb08735f1a744eceb97d014de6530c1ea23beb86d9c6f13c2ad",
                "sha256:c8181c7d77388fe26ab8418bb088b1a1ef5fde058c6926790c8a0a3d94075a4a",
                "sha256:d4afbb0840f489b60f5a580a41a1b9c3622e08ecb5eec8614d4fb4cd914c4460",
                "sha256:d9ed28030797c00f4bc43c86bf819266c76a5ea61d006cd4078a93ebf7da6bfd",
                "sha256:e603aa7bb52e4e8ed4119a58a03b60323918467ef209e6ff9db3ac382e5cf2c6"
            ],
            "version": "==2.6.1"
        },
        "entrypoints": {
            "hashes": [
                "sha256:589f874b313739ad35be6e0cd7efde2a4e9b6fea91edcc34e58ecbb8dbe56d19",
                "sha256:c70dd71abe5a8c85e55e12c19bd91ccfeec11a6e99044204511f9ed547d48451"
            ],
            "version": "==0.3"
        },
        "humanfriendly": {
            "hashes": [
                "sha256:23057b10ad6f782e7bc3a20e3cb6768ab919f619bbdc0dd75691121bbde5591d",
                "sha256:33ee8ceb63f1db61cce8b5c800c531e1a61023ac5488ccde2ba574a85be00a85"
            ],
            "version": "==4.18"
        },
        "idna": {
            "hashes": [
                "sha256:c357b3f628cf53ae2c4c05627ecc484553142ca23264e593d327bcde5e9c3407",
                "sha256:ea8b7f6188e6fa117537c3df7da9fc686d485087abf6ac197f9c46432f7e4a3c"
            ],
            "version": "==2.8"
        },
        "isodate": {
            "hashes": [
                "sha256:2e364a3d5759479cdb2d37cce6b9376ea504db2ff90252a2e5b7cc89cc9ff2d8",
                "sha256:aa4d33c06640f5352aca96e4b81afd8ab3b47337cc12089822d6f322ac772c81"
            ],
            "version": "==0.6.0"
        },
        "jeepney": {
            "hashes": [
                "sha256:6089412a5de162c04747f0220f6b2223b8ba660acd041e52a76426ca550e3c70",
                "sha256:f6f8b1428403b4afad04b6b82f9ab9fc426c253d7504c9031c41712a2c01dc74"
            ],
            "version": "==0.4"
        },
        "jinja2": {
            "hashes": [
                "sha256:74c935a1b8bb9a3947c50a54766a969d4846290e1e788ea44c1392163723c3bd",
                "sha256:f84be1bb0040caca4cea721fcbbbbd61f9be9464ca236387158b0feea01914a4"
            ],
            "version": "==2.10"
        },
        "jmespath": {
            "hashes": [
                "sha256:3720a4b1bd659dd2eecad0666459b9788813e032b83e7ba58578e48254e0a0e6",
                "sha256:bde2aef6f44302dfb30320115b17d030798de8c4110e28d5cf6cf91a7a31074c"
            ],
            "version": "==0.9.4"
        },
        "keyring": {
            "hashes": [
                "sha256:12833d2b05d2055e0e25931184af9cd6a738f320a2264853cabbd8a3a0f0b65d",
                "sha256:ca33f5ccc542b9ffaa196ee9a33488069e5e7eac77d5b81969f8a3ce74d0230c"
            ],
            "version": "==18.0.0"
        },
        "knack": {
            "hashes": [
                "sha256:0b74c7eed73dc799a5d4afab6ffae15bd793abc31bd9efa6b01475245400b8d2",
                "sha256:dd2d3c4756975d6bdbbc65a25c067245350eec81547dac93a5c96a80a9f949f0"
            ],
            "version": "==0.3.3"
        },
        "markupsafe": {
            "hashes": [
                "sha256:00bc623926325b26bb9605ae9eae8a215691f33cae5df11ca5424f06f2d1f473",
                "sha256:09027a7803a62ca78792ad89403b1b7a73a01c8cb65909cd876f7fcebd79b161",
                "sha256:09c4b7f37d6c648cb13f9230d847adf22f8171b1ccc4d5682398e77f40309235",
                "sha256:1027c282dad077d0bae18be6794e6b6b8c91d58ed8a8d89a89d59693b9131db5",
                "sha256:24982cc2533820871eba85ba648cd53d8623687ff11cbb805be4ff7b4c971aff",
                "sha256:29872e92839765e546828bb7754a68c418d927cd064fd4708fab9fe9c8bb116b",
                "sha256:43a55c2930bbc139570ac2452adf3d70cdbb3cfe5912c71cdce1c2c6bbd9c5d1",
                "sha256:46c99d2de99945ec5cb54f23c8cd5689f6d7177305ebff350a58ce5f8de1669e",
                "sha256:500d4957e52ddc3351cabf489e79c91c17f6e0899158447047588650b5e69183",
                "sha256:535f6fc4d397c1563d08b88e485c3496cf5784e927af890fb3c3aac7f933ec66",
                "sha256:62fe6c95e3ec8a7fad637b7f3d372c15ec1caa01ab47926cfdf7a75b40e0eac1",
                "sha256:6dd73240d2af64df90aa7c4e7481e23825ea70af4b4922f8ede5b9e35f78a3b1",
                "sha256:717ba8fe3ae9cc0006d7c451f0bb265ee07739daf76355d06366154ee68d221e",
                "sha256:79855e1c5b8da654cf486b830bd42c06e8780cea587384cf6545b7d9ac013a0b",
                "sha256:7c1699dfe0cf8ff607dbdcc1e9b9af1755371f92a68f706051cc8c37d447c905",
                "sha256:88e5fcfb52ee7b911e8bb6d6aa2fd21fbecc674eadd44118a9cc3863f938e735",
                "sha256:8defac2f2ccd6805ebf65f5eeb132adcf2ab57aa11fdf4c0dd5169a004710e7d",
                "sha256:98c7086708b163d425c67c7a91bad6e466bb99d797aa64f965e9d25c12111a5e",
                "sha256:9add70b36c5666a2ed02b43b335fe19002ee5235efd4b8a89bfcf9005bebac0d",
                "sha256:9bf40443012702a1d2070043cb6291650a0841ece432556f784f004937f0f32c",
                "sha256:ade5e387d2ad0d7ebf59146cc00c8044acbd863725f887353a10df825fc8ae21",
                "sha256:b00c1de48212e4cc9603895652c5c410df699856a2853135b3967591e4beebc2",
                "sha256:b1282f8c00509d99fef04d8ba936b156d419be841854fe901d8ae224c59f0be5",
                "sha256:b2051432115498d3562c084a49bba65d97cf251f5a331c64a12ee7e04dacc51b",
                "sha256:ba59edeaa2fc6114428f1637ffff42da1e311e29382d81b339c1817d37ec93c6",
                "sha256:c8716a48d94b06bb3b2524c2b77e055fb313aeb4ea620c8dd03a105574ba704f",
                "sha256:cd5df75523866410809ca100dc9681e301e3c27567cf498077e8551b6d20e42f",
                "sha256:e249096428b3ae81b08327a63a485ad0878de3fb939049038579ac0ef61e17e7"
            ],
            "version": "==1.1.1"
        },
        "msrest": {
            "hashes": [
                "sha256:ce0a558173b7c7bff87dc66e24331382c81a89367ea52c52bbb934de6064cb45",
                "sha256:df42272848ebbf3bc76d0e441ad28be6fadabd0983bb5c732e236620ce707e75"
            ],
            "version": "==0.4.29"
        },
        "msrestazure": {
            "hashes": [
                "sha256:699f83cd19a098e41b723dbd9c4765ea0886ea15508f63e2709623883e4f754d",
                "sha256:cdb9b5e0bd5947ac09d528ba4a2459607f34eb8c9a3b5d84482ccaf76f588ec0"
            ],
            "version": "==0.4.31"
        },
        "oauthlib": {
            "hashes": [
                "sha256:0ce32c5d989a1827e3f1148f98b9085ed2370fc939bf524c9c851d8714797298",
                "sha256:3e1e14f6cde7e5475128d30e97edc3bfb4dc857cb884d8714ec161fdbb3b358e"
            ],
            "version": "==3.0.1"
        },
        "packaging": {
            "hashes": [
                "sha256:0c98a5d0be38ed775798ece1b9727178c4469d9c3b4ada66e8e6b7849f8732af",
                "sha256:9e1cbf8c12b1f1ce0bb5344b8d7ecf66a6f8a6e91bcb0c84593ed6d3ab5c4ab3"
            ],
            "version": "==19.0"
        },
        "paramiko": {
            "hashes": [
                "sha256:3c16b2bfb4c0d810b24c40155dbfd113c0521e7e6ee593d704e84b4c658a1f3b",
                "sha256:a8975a7df3560c9f1e2b43dc54ebd40fd00a7017392ca5445ce7df409f900fcb"
            ],
            "version": "==2.4.2"
        },
        "pathspec": {
            "hashes": [
                "sha256:54a5eab895d89f342b52ba2bffe70930ef9f8d96e398cccf530d21fa0516a873"
            ],
            "version": "==0.5.9"
        },
        "pyasn1": {
            "hashes": [
                "sha256:da2420fe13a9452d8ae97a0e478adde1dee153b11ba832a95b223a2ba01c10f7",
                "sha256:da6b43a8c9ae93bc80e2739efb38cc776ba74a886e3e9318d65fe81a8b8a2c6e"
            ],
            "version": "==0.4.5"
        },
        "pycparser": {
            "hashes": [
                "sha256:a988718abfad80b6b157acce7bf130a30876d27603738ac39f140993246b25b3"
            ],
            "version": "==2.19"
        },
        "pygments": {
            "hashes": [
                "sha256:5ffada19f6203563680669ee7f53b64dabbeb100eb51b61996085e99c03b284a",
                "sha256:e8218dd399a61674745138520d0d4cf2621d7e032439341bc3f647bff125818d"
            ],
            "version": "==2.3.1"
        },
        "pyjwt": {
            "hashes": [
                "sha256:5c6eca3c2940464d106b99ba83b00c6add741c9becaec087fb7ccdefea71350e",
                "sha256:8d59a976fb773f3e6a39c85636357c4f0e242707394cadadd9814f5cbaa20e96"
            ],
            "version": "==1.7.1"
        },
        "pynacl": {
            "hashes": [
                "sha256:05c26f93964373fc0abe332676cb6735f0ecad27711035b9472751faa8521255",
                "sha256:0c6100edd16fefd1557da078c7a31e7b7d7a52ce39fdca2bec29d4f7b6e7600c",
                "sha256:0d0a8171a68edf51add1e73d2159c4bc19fc0718e79dec51166e940856c2f28e",
                "sha256:1c780712b206317a746ace34c209b8c29dbfd841dfbc02aa27f2084dd3db77ae",
                "sha256:2424c8b9f41aa65bbdbd7a64e73a7450ebb4aa9ddedc6a081e7afcc4c97f7621",
                "sha256:2d23c04e8d709444220557ae48ed01f3f1086439f12dbf11976e849a4926db56",
                "sha256:30f36a9c70450c7878053fa1344aca0145fd47d845270b43a7ee9192a051bf39",
                "sha256:37aa336a317209f1bb099ad177fef0da45be36a2aa664507c5d72015f956c310",
                "sha256:4943decfc5b905748f0756fdd99d4f9498d7064815c4cf3643820c9028b711d1",
                "sha256:57ef38a65056e7800859e5ba9e6091053cd06e1038983016effaffe0efcd594a",
                "sha256:5bd61e9b44c543016ce1f6aef48606280e45f892a928ca7068fba30021e9b786",
                "sha256:6482d3017a0c0327a49dddc8bd1074cc730d45db2ccb09c3bac1f8f32d1eb61b",
                "sha256:7d3ce02c0784b7cbcc771a2da6ea51f87e8716004512493a2b69016326301c3b",
                "sha256:a14e499c0f5955dcc3991f785f3f8e2130ed504fa3a7f44009ff458ad6bdd17f",
                "sha256:a39f54ccbcd2757d1d63b0ec00a00980c0b382c62865b61a505163943624ab20",
                "sha256:aabb0c5232910a20eec8563503c153a8e78bbf5459490c49ab31f6adf3f3a415",
                "sha256:bd4ecb473a96ad0f90c20acba4f0bf0df91a4e03a1f4dd6a4bdc9ca75aa3a715",
                "sha256:e2da3c13307eac601f3de04887624939aca8ee3c9488a0bb0eca4fb9401fc6b1",
                "sha256:f67814c38162f4deb31f68d590771a29d5ae3b1bd64b75cf232308e5c74777e0"
            ],
            "version": "==1.3.0"
        },
        "pyopenssl": {
            "hashes": [
                "sha256:aeca66338f6de19d1aa46ed634c3b9ae519a64b458f8468aec688e7e3c20f200",
                "sha256:c727930ad54b10fc157015014b666f2d8b41f70c0d03e83ab67624fd3dd5d1e6"
            ],
            "version": "==19.0.0"
        },
        "pyparsing": {
            "hashes": [
                "sha256:66c9268862641abcac4a96ba74506e594c884e3f57690a696d21ad8210ed667a",
                "sha256:f6c5ef0d7480ad048c054c37632c67fca55299990fff127850181659eea33fc3"
            ],
            "version": "==2.3.1"
        },
        "python-dateutil": {
            "hashes": [
                "sha256:7e6584c74aeed623791615e26efd690f29817a27c73085b78e4bad02493df2fb",
                "sha256:c89805f6f4d64db21ed966fda138f8a5ed7a4fdbc1a8ee329ce1b74e3c74da9e"
            ],
            "version": "==2.8.0"
        },
        "pyyaml": {
            "hashes": [
                "sha256:3d7da3009c0f3e783b2c873687652d83b1bbfd5c88e9813fb7e5b03c0dd3108b",
                "sha256:3ef3092145e9b70e3ddd2c7ad59bdd0252a94dfe3949721633e41344de00a6bf",
                "sha256:40c71b8e076d0550b2e6380bada1f1cd1017b882f7e16f09a65be98e017f211a",
                "sha256:558dd60b890ba8fd982e05941927a3911dc409a63dcb8b634feaa0cda69330d3",
                "sha256:a7c28b45d9f99102fa092bb213aa12e0aaf9a6a1f5e395d36166639c1f96c3a1",
                "sha256:aa7dd4a6a427aed7df6fb7f08a580d68d9b118d90310374716ae90b710280af1",
                "sha256:bc558586e6045763782014934bfaf39d48b8ae85a2713117d16c39864085c613",
                "sha256:d46d7982b62e0729ad0175a9bc7e10a566fc07b224d2c79fafb5e032727eaa04",
                "sha256:d5eef459e30b09f5a098b9cea68bebfeb268697f78d647bd255a085371ac7f3f",
                "sha256:e01d3203230e1786cd91ccfdc8f8454c8069c91bee3962ad93b87a4b2860f537",
                "sha256:e170a9e6fcfd19021dd29845af83bb79236068bf5fd4df3327c1be18182b2531"
            ],
            "version": "==3.13"
        },
        "requests": {
            "extras": [
                "security"
            ],
            "hashes": [
                "sha256:502a824f31acdacb3a35b6690b5fbf0bc41d63a24a45c4004352b0242707598e",
                "sha256:7bf2a778576d825600030a110f3c0e3e8edc51dfaafe1c146e39a2027784957b"
            ],
            "version": "==2.21.0"
        },
        "requests-oauthlib": {
            "hashes": [
                "sha256:bd6533330e8748e94bf0b214775fed487d309b8b8fe823dc45641ebcd9a32f57",
                "sha256:d3ed0c8f2e3bbc6b344fa63d6f933745ab394469da38db16bdddb461c7e25140"
            ],
            "version": "==1.2.0"
        },
        "secretstorage": {
            "hashes": [
                "sha256:20c797ae48a4419f66f8d28fc221623f11fc45b6828f96bdb1ad9990acb59f92",
                "sha256:7a119fb52a88e398dbb22a4b3eb39b779bfbace7e4153b7bc6e5954d86282a8a"
            ],
            "markers": "sys_platform == 'linux' and python_version >= '3.5'",
            "version": "==3.1.1"
        },
        "six": {
            "hashes": [
                "sha256:3350809f0555b11f552448330d0b52d5f24c91a322ea4a15ef22629740f3761c",
                "sha256:d16a0141ec1a18405cd4ce8b4613101da75da0e9a7aec5bdd4fa804d0e0eba73"
            ],
            "version": "==1.12.0"
        },
        "tabulate": {
            "hashes": [
                "sha256:e4ca13f26d0a6be2a2915428dc21e732f1e44dad7f76d7030b2ef1ec251cf7f2"
            ],
            "version": "==0.8.2"
        },
        "urllib3": {
            "hashes": [
                "sha256:61bf29cada3fc2fbefad4fdf059ea4bd1b4a86d2b6d15e1c7c0b582b9752fe39",
                "sha256:de9529817c93f27c8ccbfead6985011db27bd0ddfcdb2d86f3f663385c6a9c22"
            ],
            "version": "==1.24.1"
        },
        "wheel": {
            "hashes": [
                "sha256:9515fe0a94e823fd90b08d22de45d7bde57c90edce705b22f5e1ecf7e1b653c8",
                "sha256:e721e53864f084f956f40f96124a74da0631ac13fbbd1ba99e8e2b5e9cafdf64"
            ],
            "version": "==0.30.0"
        },
        "yamllint": {
            "hashes": [
                "sha256:5a53b6ebea563f944420d2964233173532af00a9579ab2c48c4cf8c56b704050",
                "sha256:8f25759997acb42e52b96bf3af0b4b942e6516b51198bebd3402640102006af7"
            ],
            "index": "pypi",
            "version": "==1.15.0"
        }
    },
    "develop": {}
}
